
Microsoft Visual Studio Solution File, Format Version 12.00
# Visual Studio Version 16
VisualStudioVersion = 16.0.31911.196
MinimumVisualStudioVersion = 10.0.40219.1
Project("{FAE04EC0-301F-11D3-BF4B-00C04F79EFBC}") = "Game_Xamarin.Android", "Game_Xamarin\Game_Xamarin.Android\Game_Xamarin.Android.csproj", "{F4DCD205-1837-4C77-8B35-549E35F4741A}"
EndProject
Project("{9A19103F-16F7-4668-BE54-9A1E7A4F7556}") = "Game_Xamarin", "Game_Xamarin\Game_Xamarin\Game_Xamarin.csproj", "{7E5C0D52-F00A-41FA-A847-FFBF15967AC2}"
EndProject
Project("{FAE04EC0-301F-11D3-BF4B-00C04F79EFBC}") = "GameTest", "GameTest\GameTest.csproj", "{52E2D25A-F4A1-47AB-A0AD-1348D3432CDE}"
EndProject
Global
	GlobalSection(SolutionConfigurationPlatforms) = preSolution
		Debug|Any CPU = Debug|Any CPU
		Release|Any CPU = Release|Any CPU
	EndGlobalSection
	GlobalSection(ProjectConfigurationPlatforms) = postSolution
		{F4DCD205-1837-4C77-8B35-549E35F4741A}.Debug|Any CPU.ActiveCfg = Debug|Any CPU
		{F4DCD205-1837-4C77-8B35-549E35F4741A}.Debug|Any CPU.Build.0 = Debug|Any CPU
		{F4DCD205-1837-4C77-8B35-549E35F4741A}.Debug|Any CPU.Deploy.0 = Debug|Any CPU
		{F4DCD205-1837-4C77-8B35-549E35F4741A}.Release|Any CPU.ActiveCfg = Release|Any CPU
		{F4DCD205-1837-4C77-8B35-549E35F4741A}.Release|Any CPU.Build.0 = Release|Any CPU
		{F4DCD205-1837-4C77-8B35-549E35F4741A}.Release|Any CPU.Deploy.0 = Release|Any CPU
		{7E5C0D52-F00A-41FA-A847-FFBF15967AC2}.Debug|Any CPU.ActiveCfg = Debug|Any CPU
		{7E5C0D52-F00A-41FA-A847-FFBF15967AC2}.Debug|Any CPU.Build.0 = Debug|Any CPU
		{7E5C0D52-F00A-41FA-A847-FFBF15967AC2}.Debug|Any CPU.Deploy.0 = Debug|Any CPU
		{7E5C0D52-F00A-41FA-A847-FFBF15967AC2}.Release|Any CPU.ActiveCfg = Release|Any CPU
		{7E5C0D52-F00A-41FA-A847-FFBF15967AC2}.Release|Any CPU.Build.0 = Release|Any CPU
		{7E5C0D52-F00A-41FA-A847-FFBF15967AC2}.Release|Any CPU.Deploy.0 = Release|Any CPU
		{52E2D25A-F4A1-47AB-A0AD-1348D3432CDE}.Debug|Any CPU.ActiveCfg = Debug|Any CPU
		{52E2D25A-F4A1-47AB-A0AD-1348D3432CDE}.Debug|Any CPU.Build.0 = Debug|Any CPU
		{52E2D25A-F4A1-47AB-A0AD-1348D3432CDE}.Release|Any CPU.ActiveCfg = Release|Any CPU
		{52E2D25A-F4A1-47AB-A0AD-1348D3432CDE}.Release|Any CPU.Build.0 = Release|Any CPU
	EndGlobalSection
	GlobalSection(SolutionProperties) = preSolution
		HideSolutionNode = FALSE
	EndGlobalSection
	GlobalSection(ExtensibilityGlobals) = postSolution
		SolutionGuid = {BC2FAA6F-1916-46C3-B402-5CE0A514A65F}
	EndGlobalSection
EndGlobal
